Microsoft Visual Studio Solution File, Format Version 12.00
# Visual Studio Version 17
VisualStudioVersion = 17.5.2.0
MinimumVisualStudioVersion = 10.0.40219.1
Project("{FAE04EC0-301F-11D3-BF4B-00C04F79EFBC}") = "StudentTimeTrackerApp", "StudentTimeTrackerApp.csproj", "{32BF89DD-A36E-A94B-FE62-075882FDF37C}"
EndProject
Global
	GlobalSection(SolutionConfigurationPlatforms) = preSolution
		Debug|Any CPU = Debug|Any CPU
		Release|Any CPU = Release|Any CPU
	EndGlobalSection
	GlobalSection(ProjectConfigurationPlatforms) = postSolution
		{32BF89DD-A36E-A94B-FE62-075882FDF37C}.Debug|Any CPU.ActiveCfg = Debug|Any CPU
		{32BF89DD-A36E-A94B-FE62-075882FDF37C}.Debug|Any CPU.Build.0 = Debug|Any CPU
		{32BF89DD-A36E-A94B-FE62-075882FDF37C}.Release|Any CPU.ActiveCfg = Release|Any CPU
		{32BF89DD-A36E-A94B-FE62-075882FDF37C}.Release|Any CPU.Build.0 = Release|Any CPU
	EndGlobalSection
	GlobalSection(SolutionProperties) = preSolution
		HideSolutionNode = FALSE
	EndGlobalSection
	GlobalSection(ExtensibilityGlobals) = postSolution
		SolutionGuid = {90108269-35A2-4682-AD5D-73622255C8B0}
	EndGlobalSection
EndGlobal
